
Microsoft Visual Studio Solution File, Format Version 12.00
# Visual Studio 15
VisualStudioVersion = 15.0.28010.2046
MinimumVisualStudioVersion = 10.0.40219.1
Project("{FAE04EC0-301F-11D3-BF4B-00C04F79EFBC}") = "MultiApp", "MultiApp.csproj", "{32989C79-A39A-4F0A-BC4A-CB206C27549D}"
EndProject
Global
	GlobalSection(SolutionConfigurationPlatforms) = preSolution
		Debug|Any CPU = Debug|Any CPU
		Release|Any CPU = Release|Any CPU
	EndGlobalSection
	GlobalSection(ProjectConfigurationPlatforms) = postSolution
		{32989C79-A39A-4F0A-BC4A-CB206C27549D}.Debug|Any CPU.ActiveCfg = Debug|Any CPU
		{32989C79-A39A-4F0A-BC4A-CB206C27549D}.Debug|Any CPU.Build.0 = Debug|Any CPU
		{32989C79-A39A-4F0A-BC4A-CB206C27549D}.Release|Any CPU.ActiveCfg = Release|Any CPU
		{32989C79-A39A-4F0A-BC4A-CB206C27549D}.Release|Any CPU.Build.0 = Release|Any CPU
	EndGlobalSection
	GlobalSection(SolutionProperties) = preSolution
		HideSolutionNode = FALSE
	EndGlobalSection
	GlobalSection(ExtensibilityGlobals) = postSolution
		SolutionGuid = {E135CF69-A256-40F5-B5E7-EE0F035B26FC}
	EndGlobalSection
EndGlobal
